// !$*UTF8*$!
{
	archiveVersion = 1;
	classes = {
	};
	objectVersion = 46;
	objects = {

/* Begin PBXBuildFile section */
		ADC33C9116013F6800BF4935 /* UIKit.framework in Frameworks */ = {isa = PBXBuildFile; fileRef = ADC33C9016013F6800BF4935 /* UIKit.framework */; };
		ADC33C9316013F6800BF4935 /* Foundation.framework in Frameworks */ = {isa = PBXBuildFile; fileRef = ADC33C9216013F6800BF4935 /* Foundation.framework */; };
		ADC33C9516013F6800BF4935 /* CoreGraphics.framework in Frameworks */ = {isa = PBXBuildFile; fileRef = ADC33C9416013F6800BF4935 /* CoreGraphics.framework */; };
		ADC33C9B16013F6800BF4935 /* InfoPlist.strings in Resources */ = {isa = PBXBuildFile; fileRef = ADC33C9916013F6800BF4935 /* InfoPlist.strings */; };
		ADC33C9D16013F6800BF4935 /* main.m in Sources */ = {isa = PBXBuildFile; fileRef = ADC33C9C16013F6800BF4935 /* main.m */; };
		ADC33CA116013F6800BF4935 /* Get2meAppDelegate.m in Sources */ = {isa = PBXBuildFile; fileRef = ADC33CA016013F6800BF4935 /* Get2meAppDelegate.m */; };
		ADC33CA316013F6800BF4935 /* Default.png in Resources */ = {isa = PBXBuildFile; fileRef = ADC33CA216013F6800BF4935 /* Default.png */; };
		ADC33CA516013F6800BF4935 /* Default@2x.png in Resources */ = {isa = PBXBuildFile; fileRef = ADC33CA416013F6800BF4935 /* Default@2x.png */; };
		ADC33CA716013F6800BF4935 /* Default-568h@2x.png in Resources */ = {isa = PBXBuildFile; fileRef = ADC33CA616013F6800BF4935 /* Default-568h@2x.png */; };
		ADC33CAA16013F6800BF4935 /* MainStoryboard_iPhone.storyboard in Resources */ = {isa = PBXBuildFile; fileRef = ADC33CA816013F6800BF4935 /* MainStoryboard_iPhone.storyboard */; };
		ADC33CAD16013F6800BF4935 /* MainStoryboard_iPad.storyboard in Resources */ = {isa = PBXBuildFile; fileRef = ADC33CAB16013F6800BF4935 /* MainStoryboard_iPad.storyboard */; };
		ADC33CB816013F6900BF4935 /* SenTestingKit.framework in Frameworks */ = {isa = PBXBuildFile; fileRef = ADC33CB716013F6900BF4935 /* SenTestingKit.framework */; };
		ADC33CB916013F6900BF4935 /* UIKit.framework in Frameworks */ = {isa = PBXBuildFile; fileRef = ADC33C9016013F6800BF4935 /* UIKit.framework */; };
		ADC33CBA16013F6900BF4935 /* Foundation.framework in Frameworks */ = {isa = PBXBuildFile; fileRef = ADC33C9216013F6800BF4935 /* Foundation.framework */; };
		ADC33CC216013F6900BF4935 /* InfoPlist.strings in Resources */ = {isa = PBXBuildFile; fileRef = ADC33CC016013F6900BF4935 /* InfoPlist.strings */; };
		ADC33CC516013F6900BF4935 /* get2meTests.m in Sources */ = {isa = PBXBuildFile; fileRef = ADC33CC416013F6900BF4935 /* get2meTests.m */; };
		ADD147501602C36600C4A1AB /* connect-facebook-button.png in Resources */ = {isa = PBXBuildFile; fileRef = ADD1474F1602C36600C4A1AB /* connect-facebook-button.png */; };
		ADD1477C1606234800C4A1AB /* MapKit.framework in Frameworks */ = {isa = PBXBuildFile; fileRef = ADD1477B1606234800C4A1AB /* MapKit.framework */; };
		ADD147821606285C00C4A1AB /* CoreLocation.framework in Frameworks */ = {isa = PBXBuildFile; fileRef = ADD147811606285C00C4A1AB /* CoreLocation.framework */; };
		ADD1478516062C7400C4A1AB /* MapViewViewController.m in Sources */ = {isa = PBXBuildFile; fileRef = ADD1478416062C7400C4A1AB /* MapViewViewController.m */; };
		ADD1478616062C7400C4A1AB /* MapViewViewController.m in Sources */ = {isa = PBXBuildFile; fileRef = ADD1478416062C7400C4A1AB /* MapViewViewController.m */; };
		ADD1478D16063D1900C4A1AB /* DirectionsViewController.m in Sources */ = {isa = PBXBuildFile; fileRef = ADD1478C16063D1900C4A1AB /* DirectionsViewController.m */; };
		ADD1478E16063D1900C4A1AB /* DirectionsViewController.m in Sources */ = {isa = PBXBuildFile; fileRef = ADD1478C16063D1900C4A1AB /* DirectionsViewController.m */; };
		ADD1479F160BBD2D00C4A1AB /* UserInviteContainerViewController.m in Sources */ = {isa = PBXBuildFile; fileRef = ADD1479E160BBD2D00C4A1AB /* UserInviteContainerViewController.m */; };
		ADD147A0160BBD2D00C4A1AB /* UserInviteContainerViewController.m in Sources */ = {isa = PBXBuildFile; fileRef = ADD1479E160BBD2D00C4A1AB /* UserInviteContainerViewController.m */; };
		ADD147A3160BBDF200C4A1AB /* UserInviteViewController.m in Sources */ = {isa = PBXBuildFile; fileRef = ADD147A2160BBDF200C4A1AB /* UserInviteViewController.m */; };
		ADD147A4160BBDF200C4A1AB /* UserInviteViewController.m in Sources */ = {isa = PBXBuildFile; fileRef = ADD147A2160BBDF200C4A1AB /* UserInviteViewController.m */; };
		CA632BF1160567B3007D71C3 /* SignInViewController.m in Sources */ = {isa = PBXBuildFile; fileRef = CA632BF0160567B3007D71C3 /* SignInViewController.m */; };
		CA632BF2160567B3007D71C3 /* SignInViewController.m in Sources */ = {isa = PBXBuildFile; fileRef = CA632BF0160567B3007D71C3 /* SignInViewController.m */; };
		CA632BF5160569FE007D71C3 /* CreateAccountViewController.m in Sources */ = {isa = PBXBuildFile; fileRef = CA632BF4160569FE007D71C3 /* CreateAccountViewController.m */; };
		CA632BF6160569FE007D71C3 /* CreateAccountViewController.m in Sources */ = {isa = PBXBuildFile; fileRef = CA632BF4160569FE007D71C3 /* CreateAccountViewController.m */; };
		CA632C2216078482007D71C3 /* FriendsViewController.m in Sources */ = {isa = PBXBuildFile; fileRef = CA632C2116078482007D71C3 /* FriendsViewController.m */; };
		CA632C2316078482007D71C3 /* FriendsViewController.m in Sources */ = {isa = PBXBuildFile; fileRef = CA632C2116078482007D71C3 /* FriendsViewController.m */; };
		CA79DDB81607EA8E00BAD33F /* UserSearchContainerViewController.m in Sources */ = {isa = PBXBuildFile; fileRef = CA79DDB71607EA8E00BAD33F /* UserSearchContainerViewController.m */; };
		CA79DDB91607EA8E00BAD33F /* UserSearchContainerViewController.m in Sources */ = {isa = PBXBuildFile; fileRef = CA79DDB71607EA8E00BAD33F /* UserSearchContainerViewController.m */; };
		CA79DDBF1608F36700BAD33F /* user-icon.png in Resources */ = {isa = PBXBuildFile; fileRef = CA79DDBE1608F36700BAD33F /* user-icon.png */; };
		CA79DDC01608F36700BAD33F /* user-icon.png in Resources */ = {isa = PBXBuildFile; fileRef = CA79DDBE1608F36700BAD33F /* user-icon.png */; };
		CA79DDCC160A8EC500BAD33F /* Direction.m in Sources */ = {isa = PBXBuildFile; fileRef = CA79DDCB160A8EC500BAD33F /* Direction.m */; };
		CA79DDCD160A8EC500BAD33F /* Direction.m in Sources */ = {isa = PBXBuildFile; fileRef = CA79DDCB160A8EC500BAD33F /* Direction.m */; };
		CA79DDD0160A8ED600BAD33F /* Route.m in Sources */ = {isa = PBXBuildFile; fileRef = CA79DDCF160A8ED600BAD33F /* Route.m */; };
		CA79DDD1160A8ED600BAD33F /* Route.m in Sources */ = {isa = PBXBuildFile; fileRef = CA79DDCF160A8ED600BAD33F /* Route.m */; };
		CACC220C160547F8009BC042 /* CurentUser.m in Sources */ = {isa = PBXBuildFile; fileRef = CACC220B160547F8009BC042 /* CurentUser.m */; };
		CACC220D160547F8009BC042 /* CurentUser.m in Sources */ = {isa = PBXBuildFile; fileRef = CACC220B160547F8009BC042 /* CurentUser.m */; };
		CACC22101605487A009BC042 /* KeychainItemWrapper.m in Sources */ = {isa = PBXBuildFile; fileRef = CACC220F1605487A009BC042 /* KeychainItemWrapper.m */; };
		CACC22111605487A009BC042 /* KeychainItemWrapper.m in Sources */ = {isa = PBXBuildFile; fileRef = CACC220F1605487A009BC042 /* KeychainItemWrapper.m */; };
		CACC225616054BCD009BC042 /* CFNetwork.framework in Frameworks */ = {isa = PBXBuildFile; fileRef = CACC225516054BCD009BC042 /* CFNetwork.framework */; };
		CACC225816054C0C009BC042 /* CoreData.framework in Frameworks */ = {isa = PBXBuildFile; fileRef = CACC225716054C0C009BC042 /* CoreData.framework */; };
		CACC225A16054C13009BC042 /* Security.framework in Frameworks */ = {isa = PBXBuildFile; fileRef = CACC225916054C13009BC042 /* Security.framework */; };
		CACC225C16054C1E009BC042 /* MobileCoreServices.framework in Frameworks */ = {isa = PBXBuildFile; fileRef = CACC225B16054C1E009BC042 /* MobileCoreServices.framework */; };
		CACC225E16054C27009BC042 /* SystemConfiguration.framework in Frameworks */ = {isa = PBXBuildFile; fileRef = CACC225D16054C27009BC042 /* SystemConfiguration.framework */; };
		CACC226016054C30009BC042 /* libxml2.dylib in Frameworks */ = {isa = PBXBuildFile; fileRef = CACC225F16054C30009BC042 /* libxml2.dylib */; };
		CACC226216054C3A009BC042 /* QuartzCore.framework in Frameworks */ = {isa = PBXBuildFile; fileRef = CACC226116054C3A009BC042 /* QuartzCore.framework */; };
		CACC22651605511B009BC042 /* libRestKit.a in Frameworks */ = {isa = PBXBuildFile; fileRef = CACC224C16054AFD009BC042 /* libRestKit.a */; };
		CACC226B160559A6009BC042 /* User.m in Sources */ = {isa = PBXBuildFile; fileRef = CACC226A160559A6009BC042 /* User.m */; };
		CACC226C160559A6009BC042 /* User.m in Sources */ = {isa = PBXBuildFile; fileRef = CACC226A160559A6009BC042 /* User.m */; };
		CACC227416055FC0009BC042 /* Get2meTabBarViewController.m in Sources */ = {isa = PBXBuildFile; fileRef = CACC227316055FC0009BC042 /* Get2meTabBarViewController.m */; };
		CACC227516055FC0009BC042 /* Get2meTabBarViewController.m in Sources */ = {isa = PBXBuildFile; fileRef = CACC227316055FC0009BC042 /* Get2meTabBarViewController.m */; };
/* End PBXBuildFile section */

/* Begin PBXContainerItemProxy section */
		ADC33CBB16013F6900BF4935 /* PBXContainerItemProxy */ = {
			isa = PBXContainerItemProxy;
			containerPortal = ADC33C8316013F6800BF4935 /* Project object */;
			proxyType = 1;
			remoteGlobalIDString = ADC33C8B16013F6800BF4935;
			remoteInfo = get2me;
		};
		CACC224B16054AFD009BC042 /* PBXContainerItemProxy */ = {
			isa = PBXContainerItemProxy;
			containerPortal = CACC224016054AFC009BC042 /* RestKit.xcodeproj */;
			proxyType = 2;
			remoteGlobalIDString = 25160D1614564E810060A5C5;
			remoteInfo = RestKit;
		};
		CACC224D16054AFD009BC042 /* PBXContainerItemProxy */ = {
			isa = PBXContainerItemProxy;
			containerPortal = CACC224016054AFC009BC042 /* RestKit.xcodeproj */;
			proxyType = 2;
			remoteGlobalIDString = 25160D2614564E820060A5C5;
			remoteInfo = RestKitTests;
		};
		CACC224F16054AFD009BC042 /* PBXContainerItemProxy */ = {
			isa = PBXContainerItemProxy;
			containerPortal = CACC224016054AFC009BC042 /* RestKit.xcodeproj */;
			proxyType = 2;
			remoteGlobalIDString = 25160E62145651060060A5C5;
			remoteInfo = RestKitFramework;
		};
		CACC225116054AFD009BC042 /* PBXContainerItemProxy */ = {
			isa = PBXContainerItemProxy;
			containerPortal = CACC224016054AFC009BC042 /* RestKit.xcodeproj */;
			proxyType = 2;
			remoteGlobalIDString = 25160E78145651060060A5C5;
			remoteInfo = RestKitFrameworkTests;
		};
		CACC225316054AFD009BC042 /* PBXContainerItemProxy */ = {
			isa = PBXContainerItemProxy;
			containerPortal = CACC224016054AFC009BC042 /* RestKit.xcodeproj */;
			proxyType = 2;
			remoteGlobalIDString = 259C301615128079003066A2;
			remoteInfo = RestKitResources;
		};
/* End PBXContainerItemProxy section */

/* Begin PBXFileReference section */
		ADC33C8C16013F6800BF4935 /* get2me.app */ = {isa = PBXFileReference; explicitFileType = wrapper.application; includeInIndex = 0; path = get2me.app; sourceTree = BUILT_PRODUCTS_DIR; };
		ADC33C9016013F6800BF4935 /* UIKit.framework */ = {isa = PBXFileReference; lastKnownFileType = wrapper.framework; name = UIKit.framework; path = System/Library/Frameworks/UIKit.framework; sourceTree = SDKROOT; };
		ADC33C9216013F6800BF4935 /* Foundation.framework */ = {isa = PBXFileReference; lastKnownFileType = wrapper.framework; name = Foundation.framework; path = System/Library/Frameworks/Foundation.framework; sourceTree = SDKROOT; };
		ADC33C9416013F6800BF4935 /* CoreGraphics.framework */ = {isa = PBXFileReference; lastKnownFileType = wrapper.framework; name = CoreGraphics.framework; path = System/Library/Frameworks/CoreGraphics.framework; sourceTree = SDKROOT; };
		ADC33C9816013F6800BF4935 /* get2me-Info.plist */ = {isa = PBXFileReference; lastKnownFileType = text.plist.xml; path = "get2me-Info.plist"; sourceTree = "<group>"; };
		ADC33C9A16013F6800BF4935 /* en */ = {isa = PBXFileReference; lastKnownFileType = text.plist.strings; name = en; path = en.lproj/InfoPlist.strings; sourceTree = "<group>"; };
		ADC33C9C16013F6800BF4935 /* main.m */ = {isa = PBXFileReference; lastKnownFileType = sourcecode.c.objc; path = main.m; sourceTree = "<group>"; };
		ADC33C9E16013F6800BF4935 /* get2me-Prefix.pch */ = {isa = PBXFileReference; lastKnownFileType = sourcecode.c.h; path = "get2me-Prefix.pch"; sourceTree = "<group>"; };
		ADC33C9F16013F6800BF4935 /* Get2meAppDelegate.h */ = {isa = PBXFileReference; lastKnownFileType = sourcecode.c.h; path = Get2meAppDelegate.h; sourceTree = "<group>"; };
		ADC33CA016013F6800BF4935 /* Get2meAppDelegate.m */ = {isa = PBXFileReference; lastKnownFileType = sourcecode.c.objc; path = Get2meAppDelegate.m; sourceTree = "<group>"; };
		ADC33CA216013F6800BF4935 /* Default.png */ = {isa = PBXFileReference; lastKnownFileType = image.png; path = Default.png; sourceTree = "<group>"; };
		ADC33CA416013F6800BF4935 /* Default@2x.png */ = {isa = PBXFileReference; lastKnownFileType = image.png; path = "Default@2x.png"; sourceTree = "<group>"; };
		ADC33CA616013F6800BF4935 /* Default-568h@2x.png */ = {isa = PBXFileReference; lastKnownFileType = image.png; path = "Default-568h@2x.png"; sourceTree = "<group>"; };
		ADC33CA916013F6800BF4935 /* en */ = {isa = PBXFileReference; lastKnownFileType = file.storyboard; name = en; path = en.lproj/MainStoryboard_iPhone.storyboard; sourceTree = "<group>"; };
		ADC33CAC16013F6800BF4935 /* en */ = {isa = PBXFileReference; lastKnownFileType = file.storyboard; name = en; path = en.lproj/MainStoryboard_iPad.storyboard; sourceTree = "<group>"; };
		ADC33CB616013F6900BF4935 /* get2meTests.octest */ = {isa = PBXFileReference; explicitFileType = wrapper.cfbundle; includeInIndex = 0; path = get2meTests.octest; sourceTree = BUILT_PRODUCTS_DIR; };
		ADC33CB716013F6900BF4935 /* SenTestingKit.framework */ = {isa = PBXFileReference; lastKnownFileType = wrapper.framework; name = SenTestingKit.framework; path = Library/Frameworks/SenTestingKit.framework; sourceTree = DEVELOPER_DIR; };
		ADC33CBF16013F6900BF4935 /* get2meTests-Info.plist */ = {isa = PBXFileReference; lastKnownFileType = text.plist.xml; path = "get2meTests-Info.plist"; sourceTree = "<group>"; };
		ADC33CC116013F6900BF4935 /* en */ = {isa = PBXFileReference; lastKnownFileType = text.plist.strings; name = en; path = en.lproj/InfoPlist.strings; sourceTree = "<group>"; };
		ADC33CC316013F6900BF4935 /* get2meTests.h */ = {isa = PBXFileReference; lastKnownFileType = sourcecode.c.h; path = get2meTests.h; sourceTree = "<group>"; };
		ADC33CC416013F6900BF4935 /* get2meTests.m */ = {isa = PBXFileReference; lastKnownFileType = sourcecode.c.objc; path = get2meTests.m; sourceTree = "<group>"; };
		ADD1474F1602C36600C4A1AB /* connect-facebook-button.png */ = {isa = PBXFileReference; lastKnownFileType = image.png; name = "connect-facebook-button.png"; path = "../Resources/Images/connect-facebook-button.png"; sourceTree = "<group>"; };
		ADD1477B1606234800C4A1AB /* MapKit.framework */ = {isa = PBXFileReference; lastKnownFileType = wrapper.framework; name = MapKit.framework; path = System/Library/Frameworks/MapKit.framework; sourceTree = SDKROOT; };
		ADD147811606285C00C4A1AB /* CoreLocation.framework */ = {isa = PBXFileReference; lastKnownFileType = wrapper.framework; name = CoreLocation.framework; path = System/Library/Frameworks/CoreLocation.framework; sourceTree = SDKROOT; };
		ADD1478316062C7400C4A1AB /* MapViewViewController.h */ = {isa = PBXFileReference; fileEncoding = 4; lastKnownFileType = sourcecode.c.h; path = MapViewViewController.h; sourceTree = "<group>"; };
		ADD1478416062C7400C4A1AB /* MapViewViewController.m */ = {isa = PBXFileReference; fileEncoding = 4; lastKnownFileType = sourcecode.c.objc; path = MapViewViewController.m; sourceTree = "<group>"; };
		ADD1478B16063D1900C4A1AB /* DirectionsViewController.h */ = {isa = PBXFileReference; fileEncoding = 4; lastKnownFileType = sourcecode.c.h; path = DirectionsViewController.h; sourceTree = "<group>"; };
		ADD1478C16063D1900C4A1AB /* DirectionsViewController.m */ = {isa = PBXFileReference; fileEncoding = 4; lastKnownFileType = sourcecode.c.objc; path = DirectionsViewController.m; sourceTree = "<group>"; };
		ADD1479D160BBD2D00C4A1AB /* UserInviteContainerViewController.h */ = {isa = PBXFileReference; fileEncoding = 4; lastKnownFileType = sourcecode.c.h; path = UserInviteContainerViewController.h; sourceTree = "<group>"; };
		ADD1479E160BBD2D00C4A1AB /* UserInviteContainerViewController.m */ = {isa = PBXFileReference; fileEncoding = 4; lastKnownFileType = sourcecode.c.objc; path = UserInviteContainerViewController.m; sourceTree = "<group>"; };
		ADD147A1160BBDF200C4A1AB /* UserInviteViewController.h */ = {isa = PBXFileReference; fileEncoding = 4; lastKnownFileType = sourcecode.c.h; path = UserInviteViewController.h; sourceTree = "<group>"; };
		ADD147A2160BBDF200C4A1AB /* UserInviteViewController.m */ = {isa = PBXFileReference; fileEncoding = 4; lastKnownFileType = sourcecode.c.objc; path = UserInviteViewController.m; sourceTree = "<group>"; };
		CA632BEF160567B3007D71C3 /* SignInViewController.h */ = {isa = PBXFileReference; fileEncoding = 4; lastKnownFileType = sourcecode.c.h; path = SignInViewController.h; sourceTree = "<group>"; };
		CA632BF0160567B3007D71C3 /* SignInViewController.m */ = {isa = PBXFileReference; fileEncoding = 4; lastKnownFileType = sourcecode.c.objc; path = SignInViewController.m; sourceTree = "<group>"; };
		CA632BF3160569FE007D71C3 /* CreateAccountViewController.h */ = {isa = PBXFileReference; fileEncoding = 4; lastKnownFileType = sourcecode.c.h; path = CreateAccountViewController.h; sourceTree = "<group>"; };
		CA632BF4160569FE007D71C3 /* CreateAccountViewController.m */ = {isa = PBXFileReference; fileEncoding = 4; lastKnownFileType = sourcecode.c.objc; path = CreateAccountViewController.m; sourceTree = "<group>"; };
		CA632C2016078482007D71C3 /* FriendsViewController.h */ = {isa = PBXFileReference; fileEncoding = 4; lastKnownFileType = sourcecode.c.h; path = FriendsViewController.h; sourceTree = "<group>"; };
		CA632C2116078482007D71C3 /* FriendsViewController.m */ = {isa = PBXFileReference; fileEncoding = 4; lastKnownFileType = sourcecode.c.objc; path = FriendsViewController.m; sourceTree = "<group>"; };
		CA79DDB61607EA8E00BAD33F /* UserSearchContainerViewController.h */ = {isa = PBXFileReference; fileEncoding = 4; lastKnownFileType = sourcecode.c.h; path = UserSearchContainerViewController.h; sourceTree = "<group>"; };
		CA79DDB71607EA8E00BAD33F /* UserSearchContainerViewController.m */ = {isa = PBXFileReference; fileEncoding = 4; lastKnownFileType = sourcecode.c.objc; path = UserSearchContainerViewController.m; sourceTree = "<group>"; };
		CA79DDBE1608F36700BAD33F /* user-icon.png */ = {isa = PBXFileReference; lastKnownFileType = image.png; path = "user-icon.png"; sourceTree = "<group>"; };
		CA79DDCA160A8EC500BAD33F /* Direction.h */ = {isa = PBXFileReference; fileEncoding = 4; lastKnownFileType = sourcecode.c.h; path = Direction.h; sourceTree = "<group>"; };
		CA79DDCB160A8EC500BAD33F /* Direction.m */ = {isa = PBXFileReference; fileEncoding = 4; lastKnownFileType = sourcecode.c.objc; path = Direction.m; sourceTree = "<group>"; };
		CA79DDCE160A8ED600BAD33F /* Route.h */ = {isa = PBXFileReference; fileEncoding = 4; lastKnownFileType = sourcecode.c.h; path = Route.h; sourceTree = "<group>"; };
		CA79DDCF160A8ED600BAD33F /* Route.m */ = {isa = PBXFileReference; fileEncoding = 4; lastKnownFileType = sourcecode.c.objc; path = Route.m; sourceTree = "<group>"; };
		CACC220A160547F8009BC042 /* CurrentUser.h */ = {isa = PBXFileReference; fileEncoding = 4; lastKnownFileType = sourcecode.c.h; path = CurrentUser.h; sourceTree = "<group>"; };
		CACC220B160547F8009BC042 /* CurentUser.m */ = {isa = PBXFileReference; fileEncoding = 4; lastKnownFileType = sourcecode.c.objc; path = CurentUser.m; sourceTree = "<group>"; };
		CACC220E1605487A009BC042 /* KeychainItemWrapper.h */ = {isa = PBXFileReference; fileEncoding = 4; lastKnownFileType = sourcecode.c.h; path = KeychainItemWrapper.h; sourceTree = "<group>"; };
		CACC220F1605487A009BC042 /* KeychainItemWrapper.m */ = {isa = PBXFileReference; fileEncoding = 4; lastKnownFileType = sourcecode.c.objc; path = KeychainItemWrapper.m; sourceTree = "<group>"; };
		CACC224016054AFC009BC042 /* RestKit.xcodeproj */ = {isa = PBXFileReference; lastKnownFileType = "wrapper.pb-project"; name = RestKit.xcodeproj; path = "../../Downloads/RestKit-RestKit-d3cad8d/RestKit.xcodeproj"; sourceTree = "<group>"; };
		CACC225516054BCD009BC042 /* CFNetwork.framework */ = {isa = PBXFileReference; lastKnownFileType = wrapper.framework; name = CFNetwork.framework; path = System/Library/Frameworks/CFNetwork.framework; sourceTree = SDKROOT; };
		CACC225716054C0C009BC042 /* CoreData.framework */ = {isa = PBXFileReference; lastKnownFileType = wrapper.framework; name = CoreData.framework; path = System/Library/Frameworks/CoreData.framework; sourceTree = SDKROOT; };
		CACC225916054C13009BC042 /* Security.framework */ = {isa = PBXFileReference; lastKnownFileType = wrapper.framework; name = Security.framework; path = System/Library/Frameworks/Security.framework; sourceTree = SDKROOT; };
		CACC225B16054C1E009BC042 /* MobileCoreServices.framework */ = {isa = PBXFileReference; lastKnownFileType = wrapper.framework; name = MobileCoreServices.framework; path = System/Library/Frameworks/MobileCoreServices.framework; sourceTree = SDKROOT; };
		CACC225D16054C27009BC042 /* SystemConfiguration.framework */ = {isa = PBXFileReference; lastKnownFileType = wrapper.framework; name = SystemConfiguration.framework; path = System/Library/Frameworks/SystemConfiguration.framework; sourceTree = SDKROOT; };
		CACC225F16054C30009BC042 /* libxml2.dylib */ = {isa = PBXFileReference; lastKnownFileType = "compiled.mach-o.dylib"; name = libxml2.dylib; path = usr/lib/libxml2.dylib; sourceTree = SDKROOT; };
		CACC226116054C3A009BC042 /* QuartzCore.framework */ = {isa = PBXFileReference; lastKnownFileType = wrapper.framework; name = QuartzCore.framework; path = System/Library/Frameworks/QuartzCore.framework; sourceTree = SDKROOT; };
		CACC2269160559A6009BC042 /* User.h */ = {isa = PBXFileReference; fileEncoding = 4; lastKnownFileType = sourcecode.c.h; path = User.h; sourceTree = "<group>"; };
		CACC226A160559A6009BC042 /* User.m */ = {isa = PBXFileReference; fileEncoding = 4; lastKnownFileType = sourcecode.c.objc; path = User.m; sourceTree = "<group>"; };
		CACC227216055FC0009BC042 /* Get2meTabBarViewController.h */ = {isa = PBXFileReference; fileEncoding = 4; lastKnownFileType = sourcecode.c.h; path = Get2meTabBarViewController.h; sourceTree = "<group>"; };
		CACC227316055FC0009BC042 /* Get2meTabBarViewController.m */ = {isa = PBXFileReference; fileEncoding = 4; lastKnownFileType = sourcecode.c.objc; path = Get2meTabBarViewController.m; sourceTree = "<group>"; };
/* End PBXFileReference section */

/* Begin PBXFrameworksBuildPhase section */
		ADC33C8916013F6800BF4935 /* Frameworks */ = {
			isa = PBXFrameworksBuildPhase;
			buildActionMask = 2147483647;
			files = (
				ADD147821606285C00C4A1AB /* CoreLocation.framework in Frameworks */,
				ADD1477C1606234800C4A1AB /* MapKit.framework in Frameworks */,
				CACC22651605511B009BC042 /* libRestKit.a in Frameworks */,
				CACC226216054C3A009BC042 /* QuartzCore.framework in Frameworks */,
				CACC226016054C30009BC042 /* libxml2.dylib in Frameworks */,
				CACC225E16054C27009BC042 /* SystemConfiguration.framework in Frameworks */,
				CACC225C16054C1E009BC042 /* MobileCoreServices.framework in Frameworks */,
				CACC225A16054C13009BC042 /* Security.framework in Frameworks */,
				CACC225816054C0C009BC042 /* CoreData.framework in Frameworks */,
				CACC225616054BCD009BC042 /* CFNetwork.framework in Frameworks */,
				ADC33C9116013F6800BF4935 /* UIKit.framework in Frameworks */,
				ADC33C9316013F6800BF4935 /* Foundation.framework in Frameworks */,
				ADC33C9516013F6800BF4935 /* CoreGraphics.framework in Frameworks */,
			);
			runOnlyForDeploymentPostprocessing = 0;
		};
		ADC33CB216013F6900BF4935 /* Frameworks */ = {
			isa = PBXFrameworksBuildPhase;
			buildActionMask = 2147483647;
			files = (
				ADC33CB816013F6900BF4935 /* SenTestingKit.framework in Frameworks */,
				ADC33CB916013F6900BF4935 /* UIKit.framework in Frameworks */,
				ADC33CBA16013F6900BF4935 /* Foundation.framework in Frameworks */,
			);
			runOnlyForDeploymentPostprocessing = 0;
		};
/* End PBXFrameworksBuildPhase section */

/* Begin PBXGroup section */
		ADC33C8116013F6800BF4935 = {
			isa = PBXGroup;
			children = (
				ADC33C9616013F6800BF4935 /* get2me */,
				ADC33CBD16013F6900BF4935 /* get2meTests */,
				ADC33C8F16013F6800BF4935 /* Frameworks */,
				ADC33C8D16013F6800BF4935 /* Products */,
			);
			sourceTree = "<group>";
		};
		ADC33C8D16013F6800BF4935 /* Products */ = {
			isa = PBXGroup;
			children = (
				ADC33C8C16013F6800BF4935 /* get2me.app */,
				ADC33CB616013F6900BF4935 /* get2meTests.octest */,
			);
			name = Products;
			sourceTree = "<group>";
		};
		ADC33C8F16013F6800BF4935 /* Frameworks */ = {
			isa = PBXGroup;
			children = (
				ADD147811606285C00C4A1AB /* CoreLocation.framework */,
				ADD1477B1606234800C4A1AB /* MapKit.framework */,
				CACC226116054C3A009BC042 /* QuartzCore.framework */,
				CACC225F16054C30009BC042 /* libxml2.dylib */,
				CACC225D16054C27009BC042 /* SystemConfiguration.framework */,
				CACC225B16054C1E009BC042 /* MobileCoreServices.framework */,
				CACC225916054C13009BC042 /* Security.framework */,
				CACC225716054C0C009BC042 /* CoreData.framework */,
				CACC225516054BCD009BC042 /* CFNetwork.framework */,
				CACC224016054AFC009BC042 /* RestKit.xcodeproj */,
				ADC33C9016013F6800BF4935 /* UIKit.framework */,
				ADC33C9216013F6800BF4935 /* Foundation.framework */,
				ADC33C9416013F6800BF4935 /* CoreGraphics.framework */,
				ADC33CB716013F6900BF4935 /* SenTestingKit.framework */,
			);
			name = Frameworks;
			sourceTree = "<group>";
		};
		ADC33C9616013F6800BF4935 /* get2me */ = {
			isa = PBXGroup;
			children = (
				CACC226D16055C4C009BC042 /* ViewControllers */,
				CACC2268160555C1009BC042 /* Models */,
				CACC226716055567009BC042 /* Lib */,
				ADC33C9F16013F6800BF4935 /* Get2meAppDelegate.h */,
				ADC33CA016013F6800BF4935 /* Get2meAppDelegate.m */,
				ADC33CA816013F6800BF4935 /* MainStoryboard_iPhone.storyboard */,
				ADC33CAB16013F6800BF4935 /* MainStoryboard_iPad.storyboard */,
				ADC33C9716013F6800BF4935 /* Supporting Files */,
			);
			path = get2me;
			sourceTree = "<group>";
		};
		ADC33C9716013F6800BF4935 /* Supporting Files */ = {
			isa = PBXGroup;
			children = (
				CA632C02160640B3007D71C3 /* Images */,
				ADC33C9816013F6800BF4935 /* get2me-Info.plist */,
				ADC33C9916013F6800BF4935 /* InfoPlist.strings */,
				ADC33C9C16013F6800BF4935 /* main.m */,
				ADC33C9E16013F6800BF4935 /* get2me-Prefix.pch */,
			);
			name = "Supporting Files";
			sourceTree = "<group>";
		};
		ADC33CBD16013F6900BF4935 /* get2meTests */ = {
			isa = PBXGroup;
			children = (
				ADC33CC316013F6900BF4935 /* get2meTests.h */,
				ADC33CC416013F6900BF4935 /* get2meTests.m */,
				ADC33CBE16013F6900BF4935 /* Supporting Files */,
			);
			path = get2meTests;
			sourceTree = "<group>";
		};
		ADC33CBE16013F6900BF4935 /* Supporting Files */ = {
			isa = PBXGroup;
			children = (
				ADC33CBF16013F6900BF4935 /* get2meTests-Info.plist */,
				ADC33CC016013F6900BF4935 /* InfoPlist.strings */,
			);
			name = "Supporting Files";
			sourceTree = "<group>";
		};
		CA632C02160640B3007D71C3 /* Images */ = {
			isa = PBXGroup;
			children = (
				CA79DDBE1608F36700BAD33F /* user-icon.png */,
				ADD1474F1602C36600C4A1AB /* connect-facebook-button.png */,
				ADC33CA216013F6800BF4935 /* Default.png */,
				ADC33CA416013F6800BF4935 /* Default@2x.png */,
				ADC33CA616013F6800BF4935 /* Default-568h@2x.png */,
			);
			name = Images;
			sourceTree = "<group>";
		};
		CACC224116054AFC009BC042 /* Products */ = {
			isa = PBXGroup;
			children = (
				CACC224C16054AFD009BC042 /* libRestKit.a */,
				CACC224E16054AFD009BC042 /* RestKitTests.octest */,
				CACC225016054AFD009BC042 /* RestKit.framework */,
				CACC225216054AFD009BC042 /* RestKitFrameworkTests.octest */,
				CACC225416054AFD009BC042 /* RestKitResources.bundle */,
			);
			name = Products;
			sourceTree = "<group>";
		};
		CACC226716055567009BC042 /* Lib */ = {
			isa = PBXGroup;
			children = (
				CACC220E1605487A009BC042 /* KeychainItemWrapper.h */,
				CACC220F1605487A009BC042 /* KeychainItemWrapper.m */,
			);
			name = Lib;
			sourceTree = "<group>";
		};
		CACC2268160555C1009BC042 /* Models */ = {
			isa = PBXGroup;
			children = (
				CACC2269160559A6009BC042 /* User.h */,
				CACC226A160559A6009BC042 /* User.m */,
				CACC220A160547F8009BC042 /* CurrentUser.h */,
				CACC220B160547F8009BC042 /* CurentUser.m */,
				CA79DDCA160A8EC500BAD33F /* Direction.h */,
				CA79DDCB160A8EC500BAD33F /* Direction.m */,
				CA79DDCE160A8ED600BAD33F /* Route.h */,
				CA79DDCF160A8ED600BAD33F /* Route.m */,
			);
			name = Models;
			sourceTree = "<group>";
		};
		CACC226D16055C4C009BC042 /* ViewControllers */ = {
			isa = PBXGroup;
			children = (
				ADD1478B16063D1900C4A1AB /* DirectionsViewController.h */,
				ADD1478C16063D1900C4A1AB /* DirectionsViewController.m */,
				CACC227216055FC0009BC042 /* Get2meTabBarViewController.h */,
				CACC227316055FC0009BC042 /* Get2meTabBarViewController.m */,
				CA632BEF160567B3007D71C3 /* SignInViewController.h */,
				CA632BF0160567B3007D71C3 /* SignInViewController.m */,
				CA632BF3160569FE007D71C3 /* CreateAccountViewController.h */,
				CA632BF4160569FE007D71C3 /* CreateAccountViewController.m */,
				ADD1478316062C7400C4A1AB /* MapViewViewController.h */,
				ADD1478416062C7400C4A1AB /* MapViewViewController.m */,
				CA632C2016078482007D71C3 /* FriendsViewController.h */,
				CA632C2116078482007D71C3 /* FriendsViewController.m */,
				CA79DDB61607EA8E00BAD33F /* UserSearchContainerViewController.h */,
				CA79DDB71607EA8E00BAD33F /* UserSearchContainerViewController.m */,
				ADD1479D160BBD2D00C4A1AB /* UserInviteContainerViewController.h */,
				ADD1479E160BBD2D00C4A1AB /* UserInviteContainerViewController.m */,
				ADD147A1160BBDF200C4A1AB /* UserInviteViewController.h */,
				ADD147A2160BBDF200C4A1AB /* UserInviteViewController.m */,
			);
			name = ViewControllers;
			sourceTree = "<group>";
		};
/* End PBXGroup section */

/* Begin PBXNativeTarget section */
		ADC33C8B16013F6800BF4935 /* get2me */ = {
			isa = PBXNativeTarget;
			buildConfigurationList = ADC33CC816013F6900BF4935 /* Build configuration list for PBXNativeTarget "get2me" */;
			buildPhases = (
				ADC33C8816013F6800BF4935 /* Sources */,
				ADC33C8916013F6800BF4935 /* Frameworks */,
				ADC33C8A16013F6800BF4935 /* Resources */,
			);
			buildRules = (
			);
			dependencies = (
			);
			name = get2me;
			productName = get2me;
			productReference = ADC33C8C16013F6800BF4935 /* get2me.app */;
			productType = "com.apple.product-type.application";
		};
		ADC33CB516013F6900BF4935 /* get2meTests */ = {
			isa = PBXNativeTarget;
			buildConfigurationList = ADC33CCB16013F6900BF4935 /* Build configuration list for PBXNativeTarget "get2meTests" */;
			buildPhases = (
				ADC33CB116013F6900BF4935 /* Sources */,
				ADC33CB216013F6900BF4935 /* Frameworks */,
				ADC33CB316013F6900BF4935 /* Resources */,
				ADC33CB416013F6900BF4935 /* ShellScript */,
			);
			buildRules = (
			);
			dependencies = (
				ADC33CBC16013F6900BF4935 /* PBXTargetDependency */,
			);
			name = get2meTests;
			productName = get2meTests;
			productReference = ADC33CB616013F6900BF4935 /* get2meTests.octest */;
			productType = "com.apple.product-type.bundle";
		};
/* End PBXNativeTarget section */

/* Begin PBXProject section */
		ADC33C8316013F6800BF4935 /* Project object */ = {
			isa = PBXProject;
			attributes = {
				CLASSPREFIX = Get2me;
				LastUpgradeCheck = 0450;
				ORGANIZATIONNAME = Railzbiz;
			};
			buildConfigurationList = ADC33C8616013F6800BF4935 /* Build configuration list for PBXProject "get2me" */;
			compatibilityVersion = "Xcode 3.2";
			developmentRegion = English;
			hasScannedForEncodings = 0;
			knownRegions = (
				en,
			);
			mainGroup = ADC33C8116013F6800BF4935;
			productRefGroup = ADC33C8D16013F6800BF4935 /* Products */;
			projectDirPath = "";
			projectReferences = (
				{
					ProductGroup = CACC224116054AFC009BC042 /* Products */;
					ProjectRef = CACC224016054AFC009BC042 /* RestKit.xcodeproj */;
				},
			);
			projectRoot = "";
			targets = (
				ADC33C8B16013F6800BF4935 /* get2me */,
				ADC33CB516013F6900BF4935 /* get2meTests */,
			);
		};
/* End PBXProject section */

/* Begin PBXReferenceProxy section */
		CACC224C16054AFD009BC042 /* libRestKit.a */ = {
			isa = PBXReferenceProxy;
			fileType = archive.ar;
			path = libRestKit.a;
			remoteRef = CACC224B16054AFD009BC042 /* PBXContainerItemProxy */;
			sourceTree = BUILT_PRODUCTS_DIR;
		};
		CACC224E16054AFD009BC042 /* RestKitTests.octest */ = {
			isa = PBXReferenceProxy;
			fileType = wrapper.cfbundle;
			path = RestKitTests.octest;
			remoteRef = CACC224D16054AFD009BC042 /* PBXContainerItemProxy */;
			sourceTree = BUILT_PRODUCTS_DIR;
		};
		CACC225016054AFD009BC042 /* RestKit.framework */ = {
			isa = PBXReferenceProxy;
			fileType = wrapper.framework;
			path = RestKit.framework;
			remoteRef = CACC224F16054AFD009BC042 /* PBXContainerItemProxy */;
			sourceTree = BUILT_PRODUCTS_DIR;
		};
		CACC225216054AFD009BC042 /* RestKitFrameworkTests.octest */ = {
			isa = PBXReferenceProxy;
			fileType = wrapper.cfbundle;
			path = RestKitFrameworkTests.octest;
			remoteRef = CACC225116054AFD009BC042 /* PBXContainerItemProxy */;
			sourceTree = BUILT_PRODUCTS_DIR;
		};
		CACC225416054AFD009BC042 /* RestKitResources.bundle */ = {
			isa = PBXReferenceProxy;
			fileType = wrapper.cfbundle;
			path = RestKitResources.bundle;
			remoteRef = CACC225316054AFD009BC042 /* PBXContainerItemProxy */;
			sourceTree = BUILT_PRODUCTS_DIR;
		};
/* End PBXReferenceProxy section */

/* Begin PBXResourcesBuildPhase section */
		ADC33C8A16013F6800BF4935 /* Resources */ = {
			isa = PBXResourcesBuildPhase;
			buildActionMask = 2147483647;
			files = (
				ADC33C9B16013F6800BF4935 /* InfoPlist.strings in Resources */,
				ADC33CA316013F6800BF4935 /* Default.png in Resources */,
				ADC33CA516013F6800BF4935 /* Default@2x.png in Resources */,
				ADC33CA716013F6800BF4935 /* Default-568h@2x.png in Resources */,
				ADC33CAA16013F6800BF4935 /* MainStoryboard_iPhone.storyboard in Resources */,
				ADC33CAD16013F6800BF4935 /* MainStoryboard_iPad.storyboard in Resources */,
				ADD147501602C36600C4A1AB /* connect-facebook-button.png in Resources */,
				CA79DDBF1608F36700BAD33F /* user-icon.png in Resources */,
			);
			runOnlyForDeploymentPostprocessing = 0;
		};
		ADC33CB316013F6900BF4935 /* Resources */ = {
			isa = PBXResourcesBuildPhase;
			buildActionMask = 2147483647;
			files = (
				ADC33CC216013F6900BF4935 /* InfoPlist.strings in Resources */,
				CA79DDC01608F36700BAD33F /* user-icon.png in Resources */,
			);
			runOnlyForDeploymentPostprocessing = 0;
		};
/* End PBXResourcesBuildPhase section */

/* Begin PBXShellScriptBuildPhase section */
		ADC33CB416013F6900BF4935 /* ShellScript */ = {
			isa = PBXShellScriptBuildPhase;
			buildActionMask = 2147483647;
			files = (
			);
			inputPaths = (
			);
			outputPaths = (
			);
			runOnlyForDeploymentPostprocessing = 0;
			shellPath = /bin/sh;
			shellScript = "# Run the unit tests in this test bundle.\n\"${SYSTEM_DEVELOPER_DIR}/Tools/RunUnitTests\"\n";
		};
/* End PBXShellScriptBuildPhase section */

/* Begin PBXSourcesBuildPhase section */
		ADC33C8816013F6800BF4935 /* Sources */ = {
			isa = PBXSourcesBuildPhase;
			buildActionMask = 2147483647;
			files = (
				ADC33C9D16013F6800BF4935 /* main.m in Sources */,
				ADC33CA116013F6800BF4935 /* Get2meAppDelegate.m in Sources */,
				CACC220C160547F8009BC042 /* CurentUser.m in Sources */,
				CACC22101605487A009BC042 /* KeychainItemWrapper.m in Sources */,
				CACC226B160559A6009BC042 /* User.m in Sources */,
				CACC227416055FC0009BC042 /* Get2meTabBarViewController.m in Sources */,
				CA632BF1160567B3007D71C3 /* SignInViewController.m in Sources */,
				CA632BF5160569FE007D71C3 /* CreateAccountViewController.m in Sources */,
				ADD1478516062C7400C4A1AB /* MapViewViewController.m in Sources */,
				ADD1478D16063D1900C4A1AB /* DirectionsViewController.m in Sources */,
				CA632C2216078482007D71C3 /* FriendsViewController.m in Sources */,
				CA79DDB81607EA8E00BAD33F /* UserSearchContainerViewController.m in Sources */,
				CA79DDCC160A8EC500BAD33F /* Direction.m in Sources */,
				CA79DDD0160A8ED600BAD33F /* Route.m in Sources */,
				ADD1479F160BBD2D00C4A1AB /* UserInviteContainerViewController.m in Sources */,
				ADD147A3160BBDF200C4A1AB /* UserInviteViewController.m in Sources */,
			);
			runOnlyForDeploymentPostprocessing = 0;
		};
		ADC33CB116013F6900BF4935 /* Sources */ = {
			isa = PBXSourcesBuildPhase;
			buildActionMask = 2147483647;
			files = (
				ADC33CC516013F6900BF4935 /* get2meTests.m in Sources */,
				CACC220D160547F8009BC042 /* CurentUser.m in Sources */,
				CACC22111605487A009BC042 /* KeychainItemWrapper.m in Sources */,
				CACC226C160559A6009BC042 /* User.m in Sources */,
				CACC227516055FC0009BC042 /* Get2meTabBarViewController.m in Sources */,
				CA632BF2160567B3007D71C3 /* SignInViewController.m in Sources */,
				CA632BF6160569FE007D71C3 /* CreateAccountViewController.m in Sources */,
				ADD1478616062C7400C4A1AB /* MapViewViewController.m in Sources */,
				ADD1478E16063D1900C4A1AB /* DirectionsViewController.m in Sources */,
				CA632C2316078482007D71C3 /* FriendsViewController.m in Sources */,
				CA79DDB91607EA8E00BAD33F /* UserSearchContainerViewController.m in Sources */,
				CA79DDCD160A8EC500BAD33F /* Direction.m in Sources */,
				CA79DDD1160A8ED600BAD33F /* Route.m in Sources */,
				ADD147A0160BBD2D00C4A1AB /* UserInviteContainerViewController.m in Sources */,
				ADD147A4160BBDF200C4A1AB /* UserInviteViewController.m in Sources */,
			);
			runOnlyForDeploymentPostprocessing = 0;
		};
/* End PBXSourcesBuildPhase section */

/* Begin PBXTargetDependency section */
		ADC33CBC16013F6900BF4935 /* PBXTargetDependency */ = {
			isa = PBXTargetDependency;
			target = ADC33C8B16013F6800BF4935 /* get2me */;
			targetProxy = ADC33CBB16013F6900BF4935 /* PBXContainerItemProxy */;
		};
/* End PBXTargetDependency section */

/* Begin PBXVariantGroup section */
		ADC33C9916013F6800BF4935 /* InfoPlist.strings */ = {
			isa = PBXVariantGroup;
			children = (
				ADC33C9A16013F6800BF4935 /* en */,
			);
			name = InfoPlist.strings;
			sourceTree = "<group>";
		};
		ADC33CA816013F6800BF4935 /* MainStoryboard_iPhone.storyboard */ = {
			isa = PBXVariantGroup;
			children = (
				ADC33CA916013F6800BF4935 /* en */,
			);
			name = MainStoryboard_iPhone.storyboard;
			sourceTree = "<group>";
		};
		ADC33CAB16013F6800BF4935 /* MainStoryboard_iPad.storyboard */ = {
			isa = PBXVariantGroup;
			children = (
				ADC33CAC16013F6800BF4935 /* en */,
			);
			name = MainStoryboard_iPad.storyboard;
			sourceTree = "<group>";
		};
		ADC33CC016013F6900BF4935 /* InfoPlist.strings */ = {
			isa = PBXVariantGroup;
			children = (
				ADC33CC116013F6900BF4935 /* en */,
			);
			name = InfoPlist.strings;
			sourceTree = "<group>";
		};
/* End PBXVariantGroup section */

/* Begin XCBuildConfiguration section */
		ADC33CC616013F6900BF4935 /* Debug */ = {
			isa = XCBuildConfiguration;
			buildSettings = {
				ALWAYS_SEARCH_USER_PATHS = NO;
				CLANG_CXX_LANGUAGE_STANDARD = "gnu++0x";
				CLANG_CXX_LIBRARY = "libc++";
				CLANG_ENABLE_OBJC_ARC = YES;
				CLANG_WARN_EMPTY_BODY = YES;
				CLANG_WARN__DUPLICATE_METHOD_MATCH = YES;
				"CODE_SIGN_IDENTITY[sdk=iphoneos*]" = "iPhone Developer";
				COPY_PHASE_STRIP = NO;
				GCC_C_LANGUAGE_STANDARD = gnu99;
				GCC_DYNAMIC_NO_PIC = NO;
				GCC_OPTIMIZATION_LEVEL = 0;
				GCC_PREPROCESSOR_DEFINITIONS = (
					"DEBUG=1",
					"$(inherited)",
				);
				GCC_SYMBOLS_PRIVATE_EXTERN = NO;
				GCC_WARN_ABOUT_RETURN_TYPE = YES;
				GCC_WARN_UNINITIALIZED_AUTOS = YES;
				GCC_WARN_UNUSED_VARIABLE = YES;
				HEADER_SEARCH_PATHS = "\"$(BUILT_PRODUCTS_DIR)/../../Headers\"";
				IPHONEOS_DEPLOYMENT_TARGET = 6.0;
				OTHER_LDFLAGS = (
					"-ObjC",
					"-all_load",
					"-lsqlite3.0",
				);
				SDKROOT = iphoneos;
				TARGETED_DEVICE_FAMILY = "1,2";
			};
			name = Debug;
		};
		ADC33CC716013F6900BF4935 /* Release */ = {
			isa = XCBuildConfiguration;
			buildSettings = {
				ALWAYS_SEARCH_USER_PATHS = NO;
				CLANG_CXX_LANGUAGE_STANDARD = "gnu++0x";
				CLANG_CXX_LIBRARY = "libc++";
				CLANG_ENABLE_OBJC_ARC = YES;
				CLANG_WARN_EMPTY_BODY = YES;
				CLANG_WARN__DUPLICATE_METHOD_MATCH = YES;
				"CODE_SIGN_IDENTITY[sdk=iphoneos*]" = "iPhone Developer";
				COPY_PHASE_STRIP = YES;
				GCC_C_LANGUAGE_STANDARD = gnu99;
				GCC_WARN_ABOUT_RETURN_TYPE = YES;
				GCC_WARN_UNINITIALIZED_AUTOS = YES;
				GCC_WARN_UNUSED_VARIABLE = YES;
				HEADER_SEARCH_PATHS = "\"$(BUILT_PRODUCTS_DIR)/../../Headers\"";
				IPHONEOS_DEPLOYMENT_TARGET = 6.0;
				OTHER_CFLAGS = "-DNS_BLOCK_ASSERTIONS=1";
				OTHER_LDFLAGS = (
					"-ObjC",
					"-all_load",
					"-lsqlite3.0",
				);
				SDKROOT = iphoneos;
				TARGETED_DEVICE_FAMILY = "1,2";
				VALIDATE_PRODUCT = YES;
			};
			name = Release;
		};
		ADC33CC916013F6900BF4935 /* Debug */ = {
			isa = XCBuildConfiguration;
			buildSettings = {
				FRAMEWORK_SEARCH_PATHS = (
					"$(inherited)",
					"\"$(SRCROOT)/../../Documents/FacebookSDK\"",
				);
				GCC_PRECOMPILE_PREFIX_HEADER = YES;
				GCC_PREFIX_HEADER = "get2me/get2me-Prefix.pch";
				INFOPLIST_FILE = "get2me/get2me-Info.plist";
				LIBRARY_SEARCH_PATHS = (
					"$(inherited)",
					"\"$(SRCROOT)/../../Documents/FacebookSDK/FacebookSDK.framework\"",
				);
				PRODUCT_NAME = "$(TARGET_NAME)";
				WRAPPER_EXTENSION = app;
			};
			name = Debug;
		};
		ADC33CCA16013F6900BF4935 /* Release */ = {
			isa = XCBuildConfiguration;
			buildSettings = {
				FRAMEWORK_SEARCH_PATHS = (
					"$(inherited)",
					"\"$(SRCROOT)/../../Documents/FacebookSDK\"",
				);
				GCC_PRECOMPILE_PREFIX_HEADER = YES;
				GCC_PREFIX_HEADER = "get2me/get2me-Prefix.pch";
				INFOPLIST_FILE = "get2me/get2me-Info.plist";
				LIBRARY_SEARCH_PATHS = (
					"$(inherited)",
					"\"$(SRCROOT)/../../Documents/FacebookSDK/FacebookSDK.framework\"",
				);
				PRODUCT_NAME = "$(TARGET_NAME)";
				WRAPPER_EXTENSION = app;
			};
			name = Release;
		};
		ADC33CCC16013F6900BF4935 /* Debug */ = {
			isa = XCBuildConfiguration;
			buildSettings = {
				BUNDLE_LOADER = "$(BUILT_PRODUCTS_DIR)/get2me.app/get2me";
				FRAMEWORK_SEARCH_PATHS = (
					"\"$(SDKROOT)/Developer/Library/Frameworks\"",
					"\"$(DEVELOPER_LIBRARY_DIR)/Frameworks\"",
					"\"$(SRCROOT)/../../Documents/FacebookSDK\"",
				);
				GCC_PRECOMPILE_PREFIX_HEADER = YES;
				GCC_PREFIX_HEADER = "get2me/get2me-Prefix.pch";
				INFOPLIST_FILE = "get2meTests/get2meTests-Info.plist";
				LIBRARY_SEARCH_PATHS = (
					"$(inherited)",
					"\"$(SRCROOT)/../../Documents/FacebookSDK/FacebookSDK.framework\"",
				);
				PRODUCT_NAME = "$(TARGET_NAME)";
				TEST_HOST = "$(BUNDLE_LOADER)";
				WRAPPER_EXTENSION = octest;
			};
			name = Debug;
		};
		ADC33CCD16013F6900BF4935 /* Release */ = {
			isa = XCBuildConfiguration;
			buildSettings = {
				BUNDLE_LOADER = "$(BUILT_PRODUCTS_DIR)/get2me.app/get2me";
				FRAMEWORK_SEARCH_PATHS = (
					"\"$(SDKROOT)/Developer/Library/Frameworks\"",
					"\"$(DEVELOPER_LIBRARY_DIR)/Frameworks\"",
					"\"$(SRCROOT)/../../Documents/FacebookSDK\"",
				);
				GCC_PRECOMPILE_PREFIX_HEADER = YES;
				GCC_PREFIX_HEADER = "get2me/get2me-Prefix.pch";
				INFOPLIST_FILE = "get2meTests/get2meTests-Info.plist";
				LIBRARY_SEARCH_PATHS = (
					"$(inherited)",
					"\"$(SRCROOT)/../../Documents/FacebookSDK/FacebookSDK.framework\"",
				);
				PRODUCT_NAME = "$(TARGET_NAME)";
				TEST_HOST = "$(BUNDLE_LOADER)";
				WRAPPER_EXTENSION = octest;
			};
			name = Release;
		};
/* End XCBuildConfiguration section */

/* Begin XCConfigurationList section */
		ADC33C8616013F6800BF4935 /* Build configuration list for PBXProject "get2me" */ = {
			isa = XCConfigurationList;
			buildConfigurations = (
				ADC33CC616013F6900BF4935 /* Debug */,
				ADC33CC716013F6900BF4935 /* Release */,
			);
			defaultConfigurationIsVisible = 0;
			defaultConfigurationName = Release;
		};
		ADC33CC816013F6900BF4935 /* Build configuration list for PBXNativeTarget "get2me" */ = {
			isa = XCConfigurationList;
			buildConfigurations = (
				ADC33CC916013F6900BF4935 /* Debug */,
				ADC33CCA16013F6900BF4935 /* Release */,
			);
			defaultConfigurationIsVisible = 0;
			defaultConfigurationName = Release;
		};
		ADC33CCB16013F6900BF4935 /* Build configuration list for PBXNativeTarget "get2meTests" */ = {
			isa = XCConfigurationList;
			buildConfigurations = (
				ADC33CCC16013F6900BF4935 /* Debug */,
				ADC33CCD16013F6900BF4935 /* Release */,
			);
			defaultConfigurationIsVisible = 0;
			defaultConfigurationName = Release;
		};
/* End XCConfigurationList section */
	};
	rootObject = ADC33C8316013F6800BF4935 /* Project object */;
}
